// !$*UTF8*$!
{
	archiveVersion = 1;
	classes = {
	};
	objectVersion = 52;
	objects = {

/* Begin PBXBuildFile section */
		C7077D2A26B8ABF700778E0D /* APIKey.plist in Resources */ = {isa = PBXBuildFile; fileRef = C7077D2926B8ABF700778E0D /* APIKey.plist */; };
		C720FC3D26BA434400C2697A /* ImagePickerView.swift in Sources */ = {isa = PBXBuildFile; fileRef = C720FC3C26BA434400C2697A /* ImagePickerView.swift */; };
		C7863D5426BD3BCB003DA6EA /* ThreadListView.swift in Sources */ = {isa = PBXBuildFile; fileRef = C7863D5326BD3BCB003DA6EA /* ThreadListView.swift */; };
		C7863D5626BD3BFE003DA6EA /* CommentListRow.swift in Sources */ = {isa = PBXBuildFile; fileRef = C7863D5526BD3BFE003DA6EA /* CommentListRow.swift */; };
		C7863D5826BD3C1A003DA6EA /* ThreadView.swift in Sources */ = {isa = PBXBuildFile; fileRef = C7863D5726BD3C1A003DA6EA /* ThreadView.swift */; };
		C7863D5A26BD3C36003DA6EA /* ImageView.swift in Sources */ = {isa = PBXBuildFile; fileRef = C7863D5926BD3C36003DA6EA /* ImageView.swift */; };
		C7863D5C26BD3C55003DA6EA /* ThreadListRow.swift in Sources */ = {isa = PBXBuildFile; fileRef = C7863D5B26BD3C55003DA6EA /* ThreadListRow.swift */; };
		C7863D5E26BD3C6F003DA6EA /* AddCommentView.swift in Sources */ = {isa = PBXBuildFile; fileRef = C7863D5D26BD3C6F003DA6EA /* AddCommentView.swift */; };
		C7863D6026BD3C84003DA6EA /* AddThreadView.swift in Sources */ = {isa = PBXBuildFile; fileRef = C7863D5F26BD3C84003DA6EA /* AddThreadView.swift */; };
		C7BD325B26B76B970031623B /* forumApp.swift in Sources */ = {isa = PBXBuildFile; fileRef = C7BD325A26B76B970031623B /* forumApp.swift */; };
		C7BD325D26B76B970031623B /* ContentView.swift in Sources */ = {isa = PBXBuildFile; fileRef = C7BD325C26B76B970031623B /* ContentView.swift */; };
		C7BD325F26B76B980031623B /* Assets.xcassets in Resources */ = {isa = PBXBuildFile; fileRef = C7BD325E26B76B980031623B /* Assets.xcassets */; };
		C7BD326226B76B980031623B /* Preview Assets.xcassets in Resources */ = {isa = PBXBuildFile; fileRef = C7BD326126B76B980031623B /* Preview Assets.xcassets */; };
		C7BD326B26B7759A0031623B /* NCMB in Frameworks */ = {isa = PBXBuildFile; productRef = C7BD326A26B7759A0031623B /* NCMB */; };
		C7BD326D26B776A60031623B /* APIKey.plist in Resources */ = {isa = PBXBuildFile; fileRef = C7BD326C26B776A60031623B /* APIKey.plist */; };
		C7BD326F26B776EC0031623B /* KeyManager.swift in Sources */ = {isa = PBXBuildFile; fileRef = C7BD326E26B776EC0031623B /* KeyManager.swift */; };
		C7BD329E26B799740031623B /* Hydra in Frameworks */ = {isa = PBXBuildFile; productRef = C7BD329D26B799740031623B /* Hydra */; };
/* End PBXBuildFile section */

/* Begin PBXFileReference section */
		C7077D2926B8ABF700778E0D /* APIKey.plist */ = {isa = PBXFileReference; lastKnownFileType = text.plist.xml; path = APIKey.plist; sourceTree = "<group>"; };
		C720FC3C26BA434400C2697A /* ImagePickerView.swift */ = {isa = PBXFileReference; lastKnownFileType = sourcecode.swift; path = ImagePickerView.swift; sourceTree = "<group>"; };
		C7863D5326BD3BCB003DA6EA /* ThreadListView.swift */ = {isa = PBXFileReference; lastKnownFileType = sourcecode.swift; path = ThreadListView.swift; sourceTree = "<group>"; };
		C7863D5526BD3BFE003DA6EA /* CommentListRow.swift */ = {isa = PBXFileReference; lastKnownFileType = sourcecode.swift; path = CommentListRow.swift; sourceTree = "<group>"; };
		C7863D5726BD3C1A003DA6EA /* ThreadView.swift */ = {isa = PBXFileReference; lastKnownFileType = sourcecode.swift; path = ThreadView.swift; sourceTree = "<group>"; };
		C7863D5926BD3C36003DA6EA /* ImageView.swift */ = {isa = PBXFileReference; lastKnownFileType = sourcecode.swift; path = ImageView.swift; sourceTree = "<group>"; };
		C7863D5B26BD3C55003DA6EA /* ThreadListRow.swift */ = {isa = PBXFileReference; lastKnownFileType = sourcecode.swift; path = ThreadListRow.swift; sourceTree = "<group>"; };
		C7863D5D26BD3C6F003DA6EA /* AddCommentView.swift */ = {isa = PBXFileReference; lastKnownFileType = sourcecode.swift; path = AddCommentView.swift; sourceTree = "<group>"; };
		C7863D5F26BD3C84003DA6EA /* AddThreadView.swift */ = {isa = PBXFileReference; lastKnownFileType = sourcecode.swift; path = AddThreadView.swift; sourceTree = "<group>"; };
		C7BD325726B76B970031623B /* forum.app */ = {isa = PBXFileReference; explicitFileType = wrapper.application; includeInIndex = 0; path = forum.app; sourceTree = BUILT_PRODUCTS_DIR; };
		C7BD325A26B76B970031623B /* forumApp.swift */ = {isa = PBXFileReference; lastKnownFileType = sourcecode.swift; path = forumApp.swift; sourceTree = "<group>"; };
		C7BD325C26B76B970031623B /* ContentView.swift */ = {isa = PBXFileReference; lastKnownFileType = sourcecode.swift; path = ContentView.swift; sourceTree = "<group>"; };
		C7BD325E26B76B980031623B /* Assets.xcassets */ = {isa = PBXFileReference; lastKnownFileType = folder.assetcatalog; path = Assets.xcassets; sourceTree = "<group>"; };
		C7BD326126B76B980031623B /* Preview Assets.xcassets */ = {isa = PBXFileReference; lastKnownFileType = folder.assetcatalog; path = "Preview Assets.xcassets"; sourceTree = "<group>"; };
		C7BD326326B76B980031623B /* Info.plist */ = {isa = PBXFileReference; lastKnownFileType = text.plist.xml; path = Info.plist; sourceTree = "<group>"; };
		C7BD326C26B776A60031623B /* APIKey.plist */ = {isa = PBXFileReference; lastKnownFileType = text.plist.xml; path = APIKey.plist; sourceTree = "<group>"; };
		C7BD326E26B776EC0031623B /* KeyManager.swift */ = {isa = PBXFileReference; lastKnownFileType = sourcecode.swift; path = KeyManager.swift; sourceTree = "<group>"; };
/* End PBXFileReference section */

/* Begin PBXFrameworksBuildPhase section */
		C7BD325426B76B970031623B /* Frameworks */ = {
			isa = PBXFrameworksBuildPhase;
			buildActionMask = 2147483647;
			files = (
				C7BD326B26B7759A0031623B /* NCMB in Frameworks */,
				C7BD329E26B799740031623B /* Hydra in Frameworks */,
			);
			runOnlyForDeploymentPostprocessing = 0;
		};
/* End PBXFrameworksBuildPhase section */

/* Begin PBXGroup section */
		C7863D6126BD3CE2003DA6EA /* Thread */ = {
			isa = PBXGroup;
			children = (
				C7863D5F26BD3C84003DA6EA /* AddThreadView.swift */,
				C7863D5326BD3BCB003DA6EA /* ThreadListView.swift */,
				C7863D5726BD3C1A003DA6EA /* ThreadView.swift */,
				C7863D5B26BD3C55003DA6EA /* ThreadListRow.swift */,
			);
			path = Thread;
			sourceTree = "<group>";
		};
		C7863D6226BD3CFF003DA6EA /* Comment */ = {
			isa = PBXGroup;
			children = (
				C7863D5526BD3BFE003DA6EA /* CommentListRow.swift */,
				C7863D5D26BD3C6F003DA6EA /* AddCommentView.swift */,
			);
			path = Comment;
			sourceTree = "<group>";
		};
		C7BD324E26B76B970031623B = {
			isa = PBXGroup;
			children = (
				C7BD325926B76B970031623B /* forum */,
				C7BD325826B76B970031623B /* Products */,
			);
			sourceTree = "<group>";
		};
		C7BD325826B76B970031623B /* Products */ = {
			isa = PBXGroup;
			children = (
				C7BD325726B76B970031623B /* forum.app */,
			);
			name = Products;
			sourceTree = "<group>";
		};
		C7BD325926B76B970031623B /* forum */ = {
			isa = PBXGroup;
			children = (
				C7863D6226BD3CFF003DA6EA /* Comment */,
				C7863D6126BD3CE2003DA6EA /* Thread */,
				C7BD325A26B76B970031623B /* forumApp.swift */,
				C7BD325C26B76B970031623B /* ContentView.swift */,
				C7BD325E26B76B980031623B /* Assets.xcassets */,
				C7BD326326B76B980031623B /* Info.plist */,
				C7BD326026B76B980031623B /* Preview Content */,
				C7BD326C26B776A60031623B /* APIKey.plist */,
				C7BD326E26B776EC0031623B /* KeyManager.swift */,
				C7077D2926B8ABF700778E0D /* APIKey.plist */,
				C720FC3C26BA434400C2697A /* ImagePickerView.swift */,
				C7863D5926BD3C36003DA6EA /* ImageView.swift */,
			);
			path = forum;
			sourceTree = "<group>";
		};
		C7BD326026B76B980031623B /* Preview Content */ = {
			isa = PBXGroup;
			children = (
				C7BD326126B76B980031623B /* Preview Assets.xcassets */,
			);
			path = "Preview Content";
			sourceTree = "<group>";
		};
/* End PBXGroup section */

/* Begin PBXNativeTarget section */
		C7BD325626B76B970031623B /* forum */ = {
			isa = PBXNativeTarget;
			buildConfigurationList = C7BD326626B76B980031623B /* Build configuration list for PBXNativeTarget "forum" */;
			buildPhases = (
				C7BD325326B76B970031623B /* Sources */,
				C7BD325426B76B970031623B /* Frameworks */,
				C7BD325526B76B970031623B /* Resources */,
			);
			buildRules = (
			);
			dependencies = (
			);
			name = forum;
			packageProductDependencies = (
				C7BD326A26B7759A0031623B /* NCMB */,
				C7BD329D26B799740031623B /* Hydra */,
			);
			productName = forum;
			productReference = C7BD325726B76B970031623B /* forum.app */;
			productType = "com.apple.product-type.application";
		};
/* End PBXNativeTarget section */

/* Begin PBXProject section */
		C7BD324F26B76B970031623B /* Project object */ = {
			isa = PBXProject;
			attributes = {
				LastSwiftUpdateCheck = 1250;
				LastUpgradeCheck = 1250;
				TargetAttributes = {
					C7BD325626B76B970031623B = {
						CreatedOnToolsVersion = 12.5.1;
					};
				};
			};
			buildConfigurationList = C7BD325226B76B970031623B /* Build configuration list for PBXProject "forum" */;
			compatibilityVersion = "Xcode 9.3";
			developmentRegion = en;
			hasScannedForEncodings = 0;
			knownRegions = (
				en,
				Base,
			);
			mainGroup = C7BD324E26B76B970031623B;
			packageReferences = (
				C7BD326926B7759A0031623B /* XCRemoteSwiftPackageReference "ncmb_swift" */,
				C7BD329C26B799740031623B /* XCRemoteSwiftPackageReference "Hydra" */,
			);
			productRefGroup = C7BD325826B76B970031623B /* Products */;
			projectDirPath = "";
			projectRoot = "";
			targets = (
				C7BD325626B76B970031623B /* forum */,
			);
		};
/* End PBXProject section */

/* Begin PBXResourcesBuildPhase section */
		C7BD325526B76B970031623B /* Resources */ = {
			isa = PBXResourcesBuildPhase;
			buildActionMask = 2147483647;
			files = (
				C7BD326D26B776A60031623B /* APIKey.plist in Resources */,
				C7077D2A26B8ABF700778E0D /* APIKey.plist in Resources */,
				C7BD326226B76B980031623B /* Preview Assets.xcassets in Resources */,
				C7BD325F26B76B980031623B /* Assets.xcassets in Resources */,
			);
			runOnlyForDeploymentPostprocessing = 0;
		};
/* End PBXResourcesBuildPhase section */

/* Begin PBXSourcesBuildPhase section */
		C7BD325326B76B970031623B /* Sources */ = {
			isa = PBXSourcesBuildPhase;
			buildActionMask = 2147483647;
			files = (
				C7863D5A26BD3C36003DA6EA /* ImageView.swift in Sources */,
				C720FC3D26BA434400C2697A /* ImagePickerView.swift in Sources */,
				C7863D5E26BD3C6F003DA6EA /* AddCommentView.swift in Sources */,
				C7863D5C26BD3C55003DA6EA /* ThreadListRow.swift in Sources */,
				C7BD325D26B76B970031623B /* ContentView.swift in Sources */,
				C7BD325B26B76B970031623B /* forumApp.swift in Sources */,
				C7BD326F26B776EC0031623B /* KeyManager.swift in Sources */,
				C7863D5826BD3C1A003DA6EA /* ThreadView.swift in Sources */,
				C7863D5626BD3BFE003DA6EA /* CommentListRow.swift in Sources */,
				C7863D5426BD3BCB003DA6EA /* ThreadListView.swift in Sources */,
				C7863D6026BD3C84003DA6EA /* AddThreadView.swift in Sources */,
			);
			runOnlyForDeploymentPostprocessing = 0;
		};
/* End PBXSourcesBuildPhase section */

/* Begin XCBuildConfiguration section */
		C7BD326426B76B980031623B /* Debug */ = {
			isa = XCBuildConfiguration;
			buildSettings = {
				ALWAYS_SEARCH_USER_PATHS = NO;
				CLANG_ANALYZER_NONNULL = YES;
				CLANG_ANALYZER_NUMBER_OBJECT_CONVERSION = YES_AGGRESSIVE;
				CLANG_CXX_LANGUAGE_STANDARD = "gnu++14";
				CLANG_CXX_LIBRARY = "libc++";
				CLANG_ENABLE_MODULES = YES;
				CLANG_ENABLE_OBJC_ARC = YES;
				CLANG_ENABLE_OBJC_WEAK = YES;
				CLANG_WARN_BLOCK_CAPTURE_AUTORELEASING = YES;
				CLANG_WARN_BOOL_CONVERSION = YES;
				CLANG_WARN_COMMA = YES;
				CLANG_WARN_CONSTANT_CONVERSION = YES;
				CLANG_WARN_DEPRECATED_OBJC_IMPLEMENTATIONS = YES;
				CLANG_WARN_DIRECT_OBJC_ISA_USAGE = YES_ERROR;
				CLANG_WARN_DOCUMENTATION_COMMENTS = YES;
				CLANG_WARN_EMPTY_BODY = YES;
				CLANG_WARN_ENUM_CONVERSION = YES;
				CLANG_WARN_INFINITE_RECURSION = YES;
				CLANG_WARN_INT_CONVERSION = YES;
				CLANG_WARN_NON_LITERAL_NULL_CONVERSION = YES;
				CLANG_WARN_OBJC_IMPLICIT_RETAIN_SELF = YES;
				CLANG_WARN_OBJC_LITERAL_CONVERSION = YES;
				CLANG_WARN_OBJC_ROOT_CLASS = YES_ERROR;
				CLANG_WARN_QUOTED_INCLUDE_IN_FRAMEWORK_HEADER = YES;
				CLANG_WARN_RANGE_LOOP_ANALYSIS = YES;
				CLANG_WARN_STRICT_PROTOTYPES = YES;
				CLANG_WARN_SUSPICIOUS_MOVE = YES;
				CLANG_WARN_UNGUARDED_AVAILABILITY = YES_AGGRESSIVE;
				CLANG_WARN_UNREACHABLE_CODE = YES;
				CLANG_WARN__DUPLICATE_METHOD_MATCH = YES;
				COPY_PHASE_STRIP = NO;
				DEBUG_INFORMATION_FORMAT = dwarf;
				ENABLE_STRICT_OBJC_MSGSEND = YES;
				ENABLE_TESTABILITY = YES;
				GCC_C_LANGUAGE_STANDARD = gnu11;
				GCC_DYNAMIC_NO_PIC = NO;
				GCC_NO_COMMON_BLOCKS = YES;
				GCC_OPTIMIZATION_LEVEL = 0;
				GCC_PREPROCESSOR_DEFINITIONS = (
					"DEBUG=1",
					"$(inherited)",
				);
				GCC_WARN_64_TO_32_BIT_CONVERSION = YES;
				GCC_WARN_ABOUT_RETURN_TYPE = YES_ERROR;
				GCC_WARN_UNDECLARED_SELECTOR = YES;
				GCC_WARN_UNINITIALIZED_AUTOS = YES_AGGRESSIVE;
				GCC_WARN_UNUSED_FUNCTION = YES;
				GCC_WARN_UNUSED_VARIABLE = YES;
				IPHONEOS_DEPLOYMENT_TARGET = 14.5;
				MTL_ENABLE_DEBUG_INFO = INCLUDE_SOURCE;
				MTL_FAST_MATH = YES;
				ONLY_ACTIVE_ARCH = YES;
				SDKROOT = iphoneos;
				SWIFT_ACTIVE_COMPILATION_CONDITIONS = DEBUG;
				SWIFT_OPTIMIZATION_LEVEL = "-Onone";
			};
			name = Debug;
		};
		C7BD326526B76B980031623B /* Release */ = {
			isa = XCBuildConfiguration;
			buildSettings = {
				ALWAYS_SEARCH_USER_PATHS = NO;
				CLANG_ANALYZER_NONNULL = YES;
				CLANG_ANALYZER_NUMBER_OBJECT_CONVERSION = YES_AGGRESSIVE;
				CLANG_CXX_LANGUAGE_STANDARD = "gnu++14";
				CLANG_CXX_LIBRARY = "libc++";
				CLANG_ENABLE_MODULES = YES;
				CLANG_ENABLE_OBJC_ARC = YES;
				CLANG_ENABLE_OBJC_WEAK = YES;
				CLANG_WARN_BLOCK_CAPTURE_AUTORELEASING = YES;
				CLANG_WARN_BOOL_CONVERSION = YES;
				CLANG_WARN_COMMA = YES;
				CLANG_WARN_CONSTANT_CONVERSION = YES;
				CLANG_WARN_DEPRECATED_OBJC_IMPLEMENTATIONS = YES;
				CLANG_WARN_DIRECT_OBJC_ISA_USAGE = YES_ERROR;
				CLANG_WARN_DOCUMENTATION_COMMENTS = YES;
				CLANG_WARN_EMPTY_BODY = YES;
				CLANG_WARN_ENUM_CONVERSION = YES;
				CLANG_WARN_INFINITE_RECURSION = YES;
				CLANG_WARN_INT_CONVERSION = YES;
				CLANG_WARN_NON_LITERAL_NULL_CONVERSION = YES;
				CLANG_WARN_OBJC_IMPLICIT_RETAIN_SELF = YES;
				CLANG_WARN_OBJC_LITERAL_CONVERSION = YES;
				CLANG_WARN_OBJC_ROOT_CLASS = YES_ERROR;
				CLANG_WARN_QUOTED_INCLUDE_IN_FRAMEWORK_HEADER = YES;
				CLANG_WARN_RANGE_LOOP_ANALYSIS = YES;
				CLANG_WARN_STRICT_PROTOTYPES = YES;
				CLANG_WARN_SUSPICIOUS_MOVE = YES;
				CLANG_WARN_UNGUARDED_AVAILABILITY = YES_AGGRESSIVE;
				CLANG_WARN_UNREACHABLE_CODE = YES;
				CLANG_WARN__DUPLICATE_METHOD_MATCH = YES;
				COPY_PHASE_STRIP = NO;
				DEBUG_INFORMATION_FORMAT = "dwarf-with-dsym";
				ENABLE_NS_ASSERTIONS = NO;
				ENABLE_STRICT_OBJC_MSGSEND = YES;
				GCC_C_LANGUAGE_STANDARD = gnu11;
				GCC_NO_COMMON_BLOCKS = YES;
				GCC_WARN_64_TO_32_BIT_CONVERSION = YES;
				GCC_WARN_ABOUT_RETURN_TYPE = YES_ERROR;
				GCC_WARN_UNDECLARED_SELECTOR = YES;
				GCC_WARN_UNINITIALIZED_AUTOS = YES_AGGRESSIVE;
				GCC_WARN_UNUSED_FUNCTION = YES;
				GCC_WARN_UNUSED_VARIABLE = YES;
				IPHONEOS_DEPLOYMENT_TARGET = 14.5;
				MTL_ENABLE_DEBUG_INFO = NO;
				MTL_FAST_MATH = YES;
				SDKROOT = iphoneos;
				SWIFT_COMPILATION_MODE = wholemodule;
				SWIFT_OPTIMIZATION_LEVEL = "-O";
				VALIDATE_PRODUCT = YES;
			};
			name = Release;
		};
		C7BD326726B76B980031623B /* Debug */ = {
			isa = XCBuildConfiguration;
			buildSettings = {
				ASSETCATALOG_COMPILER_APPICON_NAME = AppIcon;
				ASSETCATALOG_COMPILER_GLOBAL_ACCENT_COLOR_NAME = AccentColor;
				CODE_SIGN_STYLE = Automatic;
				DEVELOPMENT_ASSET_PATHS = "\"forum/Preview Content\"";
				DEVELOPMENT_TEAM = YX944FB478;
				ENABLE_PREVIEWS = YES;
				INFOPLIST_FILE = forum/Info.plist;
				IPHONEOS_DEPLOYMENT_TARGET = 14.0;
				LD_RUNPATH_SEARCH_PATHS = (
					"$(inherited)",
					"@executable_path/Frameworks",
				);
				PRODUCT_BUNDLE_IDENTIFIER = jp.moongift.ncmb.forum;
				PRODUCT_NAME = "$(TARGET_NAME)";
				SWIFT_VERSION = 5.0;
				TARGETED_DEVICE_FAMILY = "1,2";
			};
			name = Debug;
		};
		C7BD326826B76B980031623B /* Release */ = {
			isa = XCBuildConfiguration;
			buildSettings = {
				ASSETCATALOG_COMPILER_APPICON_NAME = AppIcon;
				ASSETCATALOG_COMPILER_GLOBAL_ACCENT_COLOR_NAME = AccentColor;
				CODE_SIGN_STYLE = Automatic;
				DEVELOPMENT_ASSET_PATHS = "\"forum/Preview Content\"";
				DEVELOPMENT_TEAM = YX944FB478;
				ENABLE_PREVIEWS = YES;
				INFOPLIST_FILE = forum/Info.plist;
				IPHONEOS_DEPLOYMENT_TARGET = 14.0;
				LD_RUNPATH_SEARCH_PATHS = (
					"$(inherited)",
					"@executable_path/Frameworks",
				);
				PRODUCT_BUNDLE_IDENTIFIER = jp.moongift.ncmb.forum;
				PRODUCT_NAME = "$(TARGET_NAME)";
				SWIFT_VERSION = 5.0;
				TARGETED_DEVICE_FAMILY = "1,2";
			};
			name = Release;
		};
/* End XCBuildConfiguration section */

/* Begin XCConfigurationList section */
		C7BD325226B76B970031623B /* Build configuration list for PBXProject "forum" */ = {
			isa = XCConfigurationList;
			buildConfigurations = (
				C7BD326426B76B980031623B /* Debug */,
				C7BD326526B76B980031623B /* Release */,
			);
			defaultConfigurationIsVisible = 0;
			defaultConfigurationName = Release;
		};
		C7BD326626B76B980031623B /* Build configuration list for PBXNativeTarget "forum" */ = {
			isa = XCConfigurationList;
			buildConfigurations = (
				C7BD326726B76B980031623B /* Debug */,
				C7BD326826B76B980031623B /* Release */,
			);
			defaultConfigurationIsVisible = 0;
			defaultConfigurationName = Release;
		};
/* End XCConfigurationList section */

/* Begin XCRemoteSwiftPackageReference section */
		C7BD326926B7759A0031623B /* XCRemoteSwiftPackageReference "ncmb_swift" */ = {
			isa = XCRemoteSwiftPackageReference;
			repositoryURL = "https://github.com/NIFCLOUD-mbaas/ncmb_swift.git";
			requirement = {
				kind = upToNextMajorVersion;
				minimumVersion = 1.2.0;
			};
		};
		C7BD329C26B799740031623B /* XCRemoteSwiftPackageReference "Hydra" */ = {
			isa = XCRemoteSwiftPackageReference;
			repositoryURL = "https://github.com/malcommac/Hydra.git";
			requirement = {
				kind = upToNextMajorVersion;
				minimumVersion = 2.0.6;
			};
		};
/* End XCRemoteSwiftPackageReference section */

/* Begin XCSwiftPackageProductDependency section */
		C7BD326A26B7759A0031623B /* NCMB */ = {
			isa = XCSwiftPackageProductDependency;
			package = C7BD326926B7759A0031623B /* XCRemoteSwiftPackageReference "ncmb_swift" */;
			productName = NCMB;
		};
		C7BD329D26B799740031623B /* Hydra */ = {
			isa = XCSwiftPackageProductDependency;
			package = C7BD329C26B799740031623B /* XCRemoteSwiftPackageReference "Hydra" */;
			productName = Hydra;
		};
/* End XCSwiftPackageProductDependency section */
	};
	rootObject = C7BD324F26B76B970031623B /* Project object */;
}
